
Microsoft Visual Studio Solution File, Format Version 12.00
# Visual Studio Version 17
VisualStudioVersion = 17.8.34525.116
MinimumVisualStudioVersion = 10.0.40219.1
Project("{FAE04EC0-301F-11D3-BF4B-00C04F79EFBC}") = "ASEINFO.Parking", "ASEINFO.Parking\ASEINFO.Parking.csproj", "{5EA31632-AB96-4AE4-ACD8-153E71990575}"
EndProject
Global
	GlobalSection(SolutionConfigurationPlatforms) = preSolution
		Debug|Any CPU = Debug|Any CPU
		Release|Any CPU = Release|Any CPU
	EndGlobalSection
	GlobalSection(ProjectConfigurationPlatforms) = postSolution
		{5EA31632-AB96-4AE4-ACD8-153E71990575}.Debug|Any CPU.ActiveCfg = Debug|Any CPU
		{5EA31632-AB96-4AE4-ACD8-153E71990575}.Debug|Any CPU.Build.0 = Debug|Any CPU
		{5EA31632-AB96-4AE4-ACD8-153E71990575}.Release|Any CPU.ActiveCfg = Release|Any CPU
		{5EA31632-AB96-4AE4-ACD8-153E71990575}.Release|Any CPU.Build.0 = Release|Any CPU
	EndGlobalSection
	GlobalSection(SolutionProperties) = preSolution
		HideSolutionNode = FALSE
	EndGlobalSection
	GlobalSection(ExtensibilityGlobals) = postSolution
		SolutionGuid = {57EB04BB-7421-408C-AACE-8CD2960E2A7D}
	EndGlobalSection
EndGlobal
